{
  "name": "mesh-ds-core",
  "version": "0.0.2",
  "lockfileVersion": 1,
  "dependencies": {
    "mesh": {
      "version": "7.0.1",
      "resolved": "https://registry.npmjs.org/mesh/-/mesh-7.0.1.tgz",
      "integrity": "sha512-ufhBNNSiVO5Rrm1u1D8y+1UGQaP+bQlWuEhXsXKHx7dSfVv+xT9ONVr4CMfPykPC40aBhLshr2oj5OYif+hOXg=="
    }
  }
}
