{
  "name": "mesh-memory-ds",
  "version": "0.0.1",
  "lockfileVersion": 1,
  "dependencies": {
    "mesh": {
      "version": "7.0.3",
      "resolved": "https://registry.npmjs.org/mesh/-/mesh-7.0.3.tgz",
      "integrity": "sha512-GqqJG5TRnczyzZInVak81hJQu1a4EWwHjWebJbPdgoWs5/cd5LW2R9iXf9aGexiXQwSLKwfD4to2Eop9ot7k4g=="
    },
    "mesh-ds": {
      "version": "0.0.2",
      "resolved": "https://registry.npmjs.org/mesh-ds/-/mesh-ds-0.0.2.tgz",
      "integrity": "sha512-/UeFHecP1DpTw/Fyzkd7LjHpsjAtGc/CVyGZHlVSMdVPuo3Tt4dLHACUvYtHgPVGmDm77wtiOfC61/6/lvN/pA=="
    },
    "mongoid-js": {
      "version": "1.1.2",
      "resolved": "https://registry.npmjs.org/mongoid-js/-/mongoid-js-1.1.2.tgz",
      "integrity": "sha1-fM7T5p3uHiYaG6E1I1aZFF/Dfvk="
    }
  }
}
