# THIS IS AN AUTOGENERATED FILE. DO NOT EDIT THIS FILE DIRECTLY.
# yarn lockfile v1


mesh-ds@0.0.x:
  version "0.0.4"
  resolved "https://registry.yarnpkg.com/mesh-ds/-/mesh-ds-0.0.4.tgz#f7d9461046210ba8778bf46a37bd0ea93e39df13"
  dependencies:
    mesh "7.0.x"

mesh@7.0.x:
  version "7.0.3"
  resolved "https://registry.yarnpkg.com/mesh/-/mesh-7.0.3.tgz#963572be8513fa3955a1147f3e3109e5b0155af0"

mongoid-js@1.1.x:
  version "1.1.2"
  resolved "https://registry.yarnpkg.com/mongoid-js/-/mongoid-js-1.1.2.tgz#7cced3e69dee1e261a1ba135235699145fc37ef9"

sift@^3.3.12:
  version "3.3.12"
  resolved "https://registry.yarnpkg.com/sift/-/sift-3.3.12.tgz#4f5cdf16af3db32afa04ab25297b0e20ad98294a"
